
Microsoft Visual Studio Solution File, Format Version 12.00
# Visual Studio Version 16
VisualStudioVersion = 16.0.31911.196
MinimumVisualStudioVersion = 10.0.40219.1
Project("{FAE04EC0-301F-11D3-BF4B-00C04F79EFBC}") = "API", "API.csproj", "{901B17F3-42DD-4A29-937D-C5C0499BFC0C}"
EndProject
Global
	GlobalSection(SolutionConfigurationPlatforms) = preSolution
		Debug|Any CPU = Debug|Any CPU
		Release|Any CPU = Release|Any CPU
	EndGlobalSection
	GlobalSection(ProjectConfigurationPlatforms) = postSolution
		{901B17F3-42DD-4A29-937D-C5C0499BFC0C}.Debug|Any CPU.ActiveCfg = Debug|Any CPU
		{901B17F3-42DD-4A29-937D-C5C0499BFC0C}.Debug|Any CPU.Build.0 = Debug|Any CPU
		{901B17F3-42DD-4A29-937D-C5C0499BFC0C}.Release|Any CPU.ActiveCfg = Release|Any CPU
		{901B17F3-42DD-4A29-937D-C5C0499BFC0C}.Release|Any CPU.Build.0 = Release|Any CPU
	EndGlobalSection
	GlobalSection(SolutionProperties) = preSolution
		HideSolutionNode = FALSE
	EndGlobalSection
	GlobalSection(ExtensibilityGlobals) = postSolution
		SolutionGuid = {075C2FD9-9C44-4352-82AD-EEA2040CBDB9}
	EndGlobalSection
EndGlobal
